<Solution>
  <Configurations>
    <Platform Name="Any CPU" />
    <Platform Name="x64" />
  </Configurations>
  <Project Path="OmniSight.AI/OmniSight.AI.csproj">
    <Platform Solution="*|x64" Project="x64" />
  </Project>
  <Project Path="OmniSight.Core/OmniSight.Core.csproj">
    <Platform Solution="*|x64" Project="x64" />
  </Project>
  <Project Path="OmniSight.Data/OmniSight.Data.csproj">
    <Platform Solution="*|x64" Project="x64" />
  </Project>
  <Project Path="OmniSight.Services/OmniSight.Services.csproj">
    <Platform Solution="*|x64" Project="x64" />
  </Project>
  <Project Path="OmniSight.UI/OmniSight.UI.csproj">
    <Platform Solution="*|x64" Project="x64" />
  </Project>
</Solution>
